# THIS IS AN AUTOGENERATED FILE. DO NOT EDIT THIS FILE DIRECTLY.
# yarn lockfile v1


"@vue/devtools-api@^6.0.0-beta.14":
  version "6.0.0-beta.15"
  resolved "https://registry.yarnpkg.com/@vue/devtools-api/-/devtools-api-6.0.0-beta.15.tgz#ad7cb384e062f165bcf9c83732125bffbc2ad83d"
  integrity sha512-quBx4Jjpexo6KDiNUGFr/zF/2A4srKM9S9v2uHgMXSU//hjgq1eGzqkIFql8T9gfX5ZaVOUzYBP3jIdIR3PKIA==

vue-router@4:
  version "4.0.11"
  resolved "https://registry.yarnpkg.com/vue-router/-/vue-router-4.0.11.tgz#cd649a0941c635281763a20965b599643ddc68ed"
  integrity sha512-sha6I8fx9HWtvTrFZfxZkiQQBpqSeT+UCwauYjkdOQYRvwsGwimlQQE2ayqUwuuXGzquFpCPoXzYKWlzL4OuXg==
  dependencies:
    "@vue/devtools-api" "^6.0.0-beta.14"
